Microsoft Visual Studio Solution File, Format Version 12.00
# Visual Studio 15
VisualStudioVersion = 15.0.26124.0
MinimumVisualStudioVersion = 15.0.26124.0
Project("{9A19103F-16F7-4668-BE54-9A1E7A4F7556}") = "Checkers", "Checkers\Checkers.csproj", "{75EA5117-FE36-42CD-A8B8-C0346C2BDD48}"
EndProject
Project("{9A19103F-16F7-4668-BE54-9A1E7A4F7556}") = "Checkers.Test", "Checkers.Test\Checkers.Test.csproj", "{ABF89C92-7E2B-4BDD-A3AB-2CBC4C59327E}"
EndProject
Global
	GlobalSection(SolutionConfigurationPlatforms) = preSolution
		Debug|Any CPU = Debug|Any CPU
		Debug|x64 = Debug|x64
		Debug|x86 = Debug|x86
		Release|Any CPU = Release|Any CPU
		Release|x64 = Release|x64
		Release|x86 = Release|x86
	EndGlobalSection
	GlobalSection(ProjectConfigurationPlatforms) = postSolution
		{75EA5117-FE36-42CD-A8B8-C0346C2BDD48}.Debug|Any CPU.ActiveCfg = Debug|Any CPU
		{75EA5117-FE36-42CD-A8B8-C0346C2BDD48}.Debug|Any CPU.Build.0 = Debug|Any CPU
		{75EA5117-FE36-42CD-A8B8-C0346C2BDD48}.Debug|x64.ActiveCfg = Debug|Any CPU
		{75EA5117-FE36-42CD-A8B8-C0346C2BDD48}.Debug|x64.Build.0 = Debug|Any CPU
		{75EA5117-FE36-42CD-A8B8-C0346C2BDD48}.Debug|x86.ActiveCfg = Debug|Any CPU
		{75EA5117-FE36-42CD-A8B8-C0346C2BDD48}.Debug|x86.Build.0 = Debug|Any CPU
		{75EA5117-FE36-42CD-A8B8-C0346C2BDD48}.Release|Any CPU.ActiveCfg = Release|Any CPU
		{75EA5117-FE36-42CD-A8B8-C0346C2BDD48}.Release|Any CPU.Build.0 = Release|Any CPU
		{75EA5117-FE36-42CD-A8B8-C0346C2BDD48}.Release|x64.ActiveCfg = Release|Any CPU
		{75EA5117-FE36-42CD-A8B8-C0346C2BDD48}.Release|x64.Build.0 = Release|Any CPU
		{75EA5117-FE36-42CD-A8B8-C0346C2BDD48}.Release|x86.ActiveCfg = Release|Any CPU
		{75EA5117-FE36-42CD-A8B8-C0346C2BDD48}.Release|x86.Build.0 = Release|Any CPU
		{ABF89C92-7E2B-4BDD-A3AB-2CBC4C59327E}.Debug|Any CPU.ActiveCfg = Debug|Any CPU
		{ABF89C92-7E2B-4BDD-A3AB-2CBC4C59327E}.Debug|Any CPU.Build.0 = Debug|Any CPU
		{ABF89C92-7E2B-4BDD-A3AB-2CBC4C59327E}.Debug|x64.ActiveCfg = Debug|Any CPU
		{ABF89C92-7E2B-4BDD-A3AB-2CBC4C59327E}.Debug|x64.Build.0 = Debug|Any CPU
		{ABF89C92-7E2B-4BDD-A3AB-2CBC4C59327E}.Debug|x86.ActiveCfg = Debug|Any CPU
		{ABF89C92-7E2B-4BDD-A3AB-2CBC4C59327E}.Debug|x86.Build.0 = Debug|Any CPU
		{ABF89C92-7E2B-4BDD-A3AB-2CBC4C59327E}.Release|Any CPU.ActiveCfg = Release|Any CPU
		{ABF89C92-7E2B-4BDD-A3AB-2CBC4C59327E}.Release|Any CPU.Build.0 = Release|Any CPU
		{ABF89C92-7E2B-4BDD-A3AB-2CBC4C59327E}.Release|x64.ActiveCfg = Release|Any CPU
		{ABF89C92-7E2B-4BDD-A3AB-2CBC4C59327E}.Release|x64.Build.0 = Release|Any CPU
		{ABF89C92-7E2B-4BDD-A3AB-2CBC4C59327E}.Release|x86.ActiveCfg = Release|Any CPU
		{ABF89C92-7E2B-4BDD-A3AB-2CBC4C59327E}.Release|x86.Build.0 = Release|Any CPU
	EndGlobalSection
	GlobalSection(SolutionProperties) = preSolution
		HideSolutionNode = FALSE
	EndGlobalSection
	GlobalSection(ExtensibilityGlobals) = postSolution
		SolutionGuid = {FCF67185-48AB-485D-ACC2-9B70C01BEE4A}
	EndGlobalSection
EndGlobal
